{
  "name": "lern-app",
  "version": "1.0.0",
  "lockfileVersion": 1,
  "requires": true,
  "dependencies": {
    "ansi-regex": {
      "version": "https://registry.npmjs.org/ansi-regex/-/ansi-regex-2.1.1.tgz",
      "integrity": "sha1-w7M6te42DYbg5ijwRorn7yfWVN8=",
      "dev": true
    },
    "ansi-styles": {
      "version": "https://registry.npmjs.org/ansi-styles/-/ansi-styles-2.2.1.tgz",
      "integrity": "sha1-tDLdM1i2NM914eRmQ2gkBTPB3b4=",
      "dev": true
    },
    "asap": {
      "version": "https://registry.npmjs.org/asap/-/asap-2.0.5.tgz",
      "integrity": "sha1-UidltQw1EEkOUtfc/ghe+bqWlY8="
    },
    "autoprefixer": {
      "version": "https://registry.npmjs.org/autoprefixer/-/autoprefixer-6.7.7.tgz",
      "integrity": "sha1-Hb0cg1ZY41zj+ZhAmdsAWFx4IBQ=",
      "dev": true,
      "requires": {
        "browserslist": "https://registry.npmjs.org/browserslist/-/browserslist-1.7.7.tgz",
        "caniuse-db": "https://registry.npmjs.org/caniuse-db/-/caniuse-db-1.0.30000649.tgz",
        "normalize-range": "https://registry.npmjs.org/normalize-range/-/normalize-range-0.1.2.tgz",
        "num2fraction": "https://registry.npmjs.org/num2fraction/-/num2fraction-1.2.2.tgz",
        "postcss": "https://registry.npmjs.org/postcss/-/postcss-5.2.16.tgz",
        "postcss-value-parser": "https://registry.npmjs.org/postcss-value-parser/-/postcss-value-parser-3.3.0.tgz"
      }
    },
    "aws-sdk": {
      "version": "https://registry.npmjs.org/aws-sdk/-/aws-sdk-2.0.31.tgz",
      "integrity": "sha1-5yzx/caQFb2f0r3z07iMFlB9Jo4=",
      "requires": {
        "xml2js": "https://registry.npmjs.org/xml2js/-/xml2js-0.2.6.tgz",
        "xmlbuilder": "https://registry.npmjs.org/xmlbuilder/-/xmlbuilder-0.4.2.tgz"
      }
    },
    "babel-runtime": {
      "version": "https://registry.npmjs.org/babel-runtime/-/babel-runtime-6.23.0.tgz",
      "integrity": "sha1-CpSJ8UTecO+zzkMArM2zKeL8VDs=",
      "requires": {
        "core-js": "https://registry.npmjs.org/core-js/-/core-js-2.4.1.tgz",
        "regenerator-runtime": "https://registry.npmjs.org/regenerator-runtime/-/regenerator-runtime-0.10.3.tgz"
      },
      "dependencies": {
        "core-js": {
          "version": "https://registry.npmjs.org/core-js/-/core-js-2.4.1.tgz",
          "integrity": "sha1-TekR5mew6ukSTjQlS1OupvxhjT4="
        }
      }
    },
    "bowser": {
      "version": "1.8.1",
      "resolved": "https://registry.npmjs.org/bowser/-/bowser-1.8.1.tgz",
      "integrity": "sha512-NMPaR8ILtdLSWzxQtEs16XbxMcY8ohWGQ5V+TZSJS3fNUt/PBAGkF6YWO9B/4qWE23bK3o0moQKq8UyFEosYkA=="
    },
    "browserslist": {
      "version": "https://registry.npmjs.org/browserslist/-/browserslist-1.7.7.tgz",
      "integrity": "sha1-C9dnBCWL6CmyOYu1Dkti0aFmsLk=",
      "dev": true,
      "requires": {
        "caniuse-db": "https://registry.npmjs.org/caniuse-db/-/caniuse-db-1.0.30000649.tgz",
        "electron-to-chromium": "https://registry.npmjs.org/electron-to-chromium/-/electron-to-chromium-1.3.3.tgz"
      }
    },
    "caniuse-db": {
      "version": "https://registry.npmjs.org/caniuse-db/-/caniuse-db-1.0.30000649.tgz",
      "integrity": "sha1-HuF1Sm3yNUUMi3zRXg6/UHIhqGo=",
      "dev": true
    },
    "chain-function": {
      "version": "1.0.0",
      "resolved": "https://registry.npmjs.org/chain-function/-/chain-function-1.0.0.tgz",
      "integrity": "sha1-DUqzfn4Y6tC9xHuSB2QRjOWHM9w="
    },
    "chalk": {
      "version": "https://registry.npmjs.org/chalk/-/chalk-1.1.3.tgz",
      "integrity": "sha1-qBFcVeSnAv5NFQq9OHKCKn4J/Jg=",
      "dev": true,
      "requires": {
        "ansi-styles": "https://registry.npmjs.org/ansi-styles/-/ansi-styles-2.2.1.tgz",
        "escape-string-regexp": "https://registry.npmjs.org/escape-string-regexp/-/escape-string-regexp-1.0.5.tgz",
        "has-ansi": "https://registry.npmjs.org/has-ansi/-/has-ansi-2.0.0.tgz",
        "strip-ansi": "https://registry.npmjs.org/strip-ansi/-/strip-ansi-3.0.1.tgz",
        "supports-color": "https://registry.npmjs.org/supports-color/-/supports-color-2.0.0.tgz"
      },
      "dependencies": {
        "supports-color": {
          "version": "https://registry.npmjs.org/supports-color/-/supports-color-2.0.0.tgz",
          "integrity": "sha1-U10EXOa2Nj+kARcIRimZXp3zJMc=",
          "dev": true
        }
      }
    },
    "change-emitter": {
      "version": "0.1.6",
      "resolved": "https://registry.npmjs.org/change-emitter/-/change-emitter-0.1.6.tgz",
      "integrity": "sha1-6LL+PX8at9aaMhma/5HqaTFAlRU="
    },
    "chart.js": {
      "version": "https://registry.npmjs.org/chart.js/-/chart.js-2.5.0.tgz",
      "integrity": "sha1-/m51Gok3afVucr7lrZEgfhxZKVc=",
      "requires": {
        "chartjs-color": "https://registry.npmjs.org/chartjs-color/-/chartjs-color-2.1.0.tgz",
        "moment": "https://registry.npmjs.org/moment/-/moment-2.18.1.tgz"
      }
    },
    "chartjs-color": {
      "version": "https://registry.npmjs.org/chartjs-color/-/chartjs-color-2.1.0.tgz",
      "integrity": "sha1-nDmsgwzNmJlq6AyfEQhv8SyYp1Y=",
      "requires": {
        "chartjs-color-string": "https://registry.npmjs.org/chartjs-color-string/-/chartjs-color-string-0.4.0.tgz",
        "color-convert": "https://registry.npmjs.org/color-convert/-/color-convert-0.5.3.tgz"
      }
    },
    "chartjs-color-string": {
      "version": "https://registry.npmjs.org/chartjs-color-string/-/chartjs-color-string-0.4.0.tgz",
      "integrity": "sha1-V3SNRTCuKNjbClSSGCugbf3y9Gg=",
      "requires": {
        "color-name": "https://registry.npmjs.org/color-name/-/color-name-1.1.2.tgz"
      }
    },
    "color-convert": {
      "version": "https://registry.npmjs.org/color-convert/-/color-convert-0.5.3.tgz",
      "integrity": "sha1-vbbGnOZg+t/+CwAHzER+G59ygr0="
    },
    "color-name": {
      "version": "https://registry.npmjs.org/color-name/-/color-name-1.1.2.tgz",
      "integrity": "sha1-XIq3K2S9IhXWF66VWeuxSEdc+Y0="
    },
    "core-js": {
      "version": "https://registry.npmjs.org/core-js/-/core-js-1.2.7.tgz",
      "integrity": "sha1-ZSKUwUZR2yj6k70tX/KYOk8IxjY="
    },
    "css-in-js-utils": {
      "version": "2.0.0",
      "resolved": "https://registry.npmjs.org/css-in-js-utils/-/css-in-js-utils-2.0.0.tgz",
      "integrity": "sha512-yuWmPMD9FLi50Xf3k8W8oO3WM1eVnxEGCldCLyfusQ+CgivFk0s23yst4ooW6tfxMuSa03S6uUEga9UhX6GRrA==",
      "requires": {
        "hyphenate-style-name": "1.0.2"
      }
    },
    "dom-helpers": {
      "version": "3.2.1",
      "resolved": "https://registry.npmjs.org/dom-helpers/-/dom-helpers-3.2.1.tgz",
      "integrity": "sha1-MgPgf+0he9H0JLAZc1WC/Deyglo="
    },
    "domready": {
      "version": "https://registry.npmjs.org/domready/-/domready-1.0.8.tgz",
      "integrity": "sha1-kfJS5Ze2Wvd+dFriTdAYXV4m1Yw="
    },
    "draft-js": {
      "version": "https://registry.npmjs.org/draft-js/-/draft-js-0.10.0.tgz",
      "integrity": "sha1-KdFhkQErky/asoqbN+wVOPQhq/Y=",
      "requires": {
        "fbjs": "https://registry.npmjs.org/fbjs/-/fbjs-0.8.12.tgz",
        "immutable": "https://registry.npmjs.org/immutable/-/immutable-3.7.6.tgz",
        "object-assign": "https://registry.npmjs.org/object-assign/-/object-assign-4.1.1.tgz"
      }
    },
    "electron-to-chromium": {
      "version": "https://registry.npmjs.org/electron-to-chromium/-/electron-to-chromium-1.3.3.tgz",
      "integrity": "sha1-ZR62P+ifOdtw/8jb1dm2aVi8ag4=",
      "dev": true
    },
    "encoding": {
      "version": "https://registry.npmjs.org/encoding/-/encoding-0.1.12.tgz",
      "integrity": "sha1-U4tm8+5izRq1HsMjgp0flIDHS+s=",
      "requires": {
        "iconv-lite": "https://registry.npmjs.org/iconv-lite/-/iconv-lite-0.4.15.tgz"
      }
    },
    "escape-string-regexp": {
      "version": "https://registry.npmjs.org/escape-string-regexp/-/escape-string-regexp-1.0.5.tgz",
      "integrity": "sha1-G2HAViGQqN/2rjuyzwIAyhMLhtQ=",
      "dev": true
    },
    "fbjs": {
      "version": "https://registry.npmjs.org/fbjs/-/fbjs-0.8.12.tgz",
      "integrity": "sha1-ELXZL3bUVXX9Y6IX1OoCvqL47QQ=",
      "requires": {
        "core-js": "https://registry.npmjs.org/core-js/-/core-js-1.2.7.tgz",
        "isomorphic-fetch": "https://registry.npmjs.org/isomorphic-fetch/-/isomorphic-fetch-2.2.1.tgz",
        "loose-envify": "https://registry.npmjs.org/loose-envify/-/loose-envify-1.3.1.tgz",
        "object-assign": "https://registry.npmjs.org/object-assign/-/object-assign-4.1.1.tgz",
        "promise": "https://registry.npmjs.org/promise/-/promise-7.1.1.tgz",
        "setimmediate": "https://registry.npmjs.org/setimmediate/-/setimmediate-1.0.5.tgz",
        "ua-parser-js": "https://registry.npmjs.org/ua-parser-js/-/ua-parser-js-0.7.12.tgz"
      }
    },
    "fd-slicer": {
      "version": "https://registry.npmjs.org/fd-slicer/-/fd-slicer-1.0.1.tgz",
      "integrity": "sha1-i1vL2ewyfFBBv5qwI/1nUPEXfmU=",
      "requires": {
        "pend": "https://registry.npmjs.org/pend/-/pend-1.2.0.tgz"
      }
    },
    "findit2": {
      "version": "https://registry.npmjs.org/findit2/-/findit2-2.2.3.tgz",
      "integrity": "sha1-WKRmaX34piBc39vzlVNri9d3pfY="
    },
    "flushwritable": {
      "version": "https://registry.npmjs.org/flushwritable/-/flushwritable-1.0.0.tgz",
      "integrity": "sha1-PjKNj95BKtR+c44751C00pAENJg="
    },
    "graceful-fs": {
      "version": "https://registry.npmjs.org/graceful-fs/-/graceful-fs-3.0.11.tgz",
      "integrity": "sha1-dhPHeKGv6mLyXGMKCG1/Osu92Bg=",
      "requires": {
        "natives": "https://registry.npmjs.org/natives/-/natives-1.1.0.tgz"
      }
    },
    "gridfs-stream": {
      "version": "https://registry.npmjs.org/gridfs-stream/-/gridfs-stream-1.1.1.tgz",
      "integrity": "sha1-PdOhAOwgIaGBKC9utGcJY2B034k=",
      "requires": {
        "flushwritable": "https://registry.npmjs.org/flushwritable/-/flushwritable-1.0.0.tgz"
      }
    },
    "has-ansi": {
      "version": "https://registry.npmjs.org/has-ansi/-/has-ansi-2.0.0.tgz",
      "integrity": "sha1-NPUEnOHs3ysGSa8+8k5F7TVBbZE=",
      "dev": true,
      "requires": {
        "ansi-regex": "https://registry.npmjs.org/ansi-regex/-/ansi-regex-2.1.1.tgz"
      }
    },
    "has-flag": {
      "version": "https://registry.npmjs.org/has-flag/-/has-flag-1.0.0.tgz",
      "integrity": "sha1-nZ55MWXOAXoA8AQYxD+UKnsdEfo=",
      "dev": true
    },
    "hoist-non-react-statics": {
      "version": "1.2.0",
      "resolved": "https://registry.npmjs.org/hoist-non-react-statics/-/hoist-non-react-statics-1.2.0.tgz",
      "integrity": "sha1-qkSM8JhtVcxAdzsXF0t90GbLfPs="
    },
    "hyphenate-style-name": {
      "version": "1.0.2",
      "resolved": "https://registry.npmjs.org/hyphenate-style-name/-/hyphenate-style-name-1.0.2.tgz",
      "integrity": "sha1-MRYKNpMK2vH8BMYHT360FGXU7Es="
    },
    "iconv-lite": {
      "version": "https://registry.npmjs.org/iconv-lite/-/iconv-lite-0.4.15.tgz",
      "integrity": "sha1-/iZaIYrGpXz+hUkn6dBMGYJe3es="
    },
    "immutable": {
      "version": "https://registry.npmjs.org/immutable/-/immutable-3.7.6.tgz",
      "integrity": "sha1-E7TTyxK++hVIKib+Gy665kAHHks="
    },
    "inline-style-prefixer": {
      "version": "3.0.8",
      "resolved": "https://registry.npmjs.org/inline-style-prefixer/-/inline-style-prefixer-3.0.8.tgz",
      "integrity": "sha1-hVG45bTVcyROZqNLBPfTIHaitTQ=",
      "requires": {
        "bowser": "1.8.1",
        "css-in-js-utils": "2.0.0"
      }
    },
    "is-stream": {
      "version": "https://registry.npmjs.org/is-stream/-/is-stream-1.1.0.tgz",
      "integrity": "sha1-EtSj3U5o4Lec6428hBc66A2RykQ="
    },
    "isomorphic-fetch": {
      "version": "https://registry.npmjs.org/isomorphic-fetch/-/isomorphic-fetch-2.2.1.tgz",
      "integrity": "sha1-YRrhrPFPXoH3KVB0coGf6XM1WKk=",
      "requires": {
        "node-fetch": "https://registry.npmjs.org/node-fetch/-/node-fetch-1.6.3.tgz",
        "whatwg-fetch": "https://registry.npmjs.org/whatwg-fetch/-/whatwg-fetch-2.0.3.tgz"
      }
    },
    "js-base64": {
      "version": "https://registry.npmjs.org/js-base64/-/js-base64-2.1.9.tgz",
      "integrity": "sha1-8OgK4DmkvWVLXygfyT8EqRSn/M4=",
      "dev": true
    },
    "js-tokens": {
      "version": "https://registry.npmjs.org/js-tokens/-/js-tokens-3.0.1.tgz",
      "integrity": "sha1-COnxMkhKLEWjCQfp3E1VZ7fxFNc="
    },
    "keycode": {
      "version": "2.1.9",
      "resolved": "https://registry.npmjs.org/keycode/-/keycode-2.1.9.tgz",
      "integrity": "sha1-lkojxU5IiUBbSGGlyfBIDUUUHfo="
    },
    "lodash": {
      "version": "https://registry.npmjs.org/lodash/-/lodash-4.17.4.tgz",
      "integrity": "sha1-eCA6TRwyiuHYbcpkYONptX9AVa4="
    },
    "lodash.merge": {
      "version": "4.6.0",
      "resolved": "https://registry.npmjs.org/lodash.merge/-/lodash.merge-4.6.0.tgz",
      "integrity": "sha1-aYhLoUSsM/5plzemCG3v+t0PicU="
    },
    "lodash.throttle": {
      "version": "4.1.1",
      "resolved": "https://registry.npmjs.org/lodash.throttle/-/lodash.throttle-4.1.1.tgz",
      "integrity": "sha1-wj6RtxAkKscMN/HhzaknTMOb8vQ="
    },
    "loose-envify": {
      "version": "https://registry.npmjs.org/loose-envify/-/loose-envify-1.3.1.tgz",
      "integrity": "sha1-0aitM/qc4OcT1l/dCsi3SNR4yEg=",
      "requires": {
        "js-tokens": "https://registry.npmjs.org/js-tokens/-/js-tokens-3.0.1.tgz"
      }
    },
    "material-ui": {
      "version": "0.18.7",
      "resolved": "https://registry.npmjs.org/material-ui/-/material-ui-0.18.7.tgz",
      "integrity": "sha1-uHrxY1fmlms2wj1InrLtcHRtJfg=",
      "requires": {
        "babel-runtime": "https://registry.npmjs.org/babel-runtime/-/babel-runtime-6.23.0.tgz",
        "inline-style-prefixer": "3.0.8",
        "keycode": "2.1.9",
        "lodash.merge": "4.6.0",
        "lodash.throttle": "4.1.1",
        "prop-types": "15.6.0",
        "react-event-listener": "0.4.5",
        "react-transition-group": "1.2.1",
        "recompose": "0.24.0",
        "simple-assign": "0.1.0",
        "warning": "3.0.0"
      },
      "dependencies": {
        "fbjs": {
          "version": "0.8.16",
          "resolved": "https://registry.npmjs.org/fbjs/-/fbjs-0.8.16.tgz",
          "integrity": "sha1-XmdDL1UNxBtXK/VYR7ispk5TN9s=",
          "requires": {
            "core-js": "https://registry.npmjs.org/core-js/-/core-js-1.2.7.tgz",
            "isomorphic-fetch": "https://registry.npmjs.org/isomorphic-fetch/-/isomorphic-fetch-2.2.1.tgz",
            "loose-envify": "https://registry.npmjs.org/loose-envify/-/loose-envify-1.3.1.tgz",
            "object-assign": "https://registry.npmjs.org/object-assign/-/object-assign-4.1.1.tgz",
            "promise": "https://registry.npmjs.org/promise/-/promise-7.1.1.tgz",
            "setimmediate": "https://registry.npmjs.org/setimmediate/-/setimmediate-1.0.5.tgz",
            "ua-parser-js": "https://registry.npmjs.org/ua-parser-js/-/ua-parser-js-0.7.12.tgz"
          }
        },
        "prop-types": {
          "version": "15.6.0",
          "resolved": "https://registry.npmjs.org/prop-types/-/prop-types-15.6.0.tgz",
          "integrity": "sha1-zq8IMCL8RrSjX2nhPvda7Q1jmFY=",
          "requires": {
            "fbjs": "0.8.16",
            "loose-envify": "https://registry.npmjs.org/loose-envify/-/loose-envify-1.3.1.tgz",
            "object-assign": "https://registry.npmjs.org/object-assign/-/object-assign-4.1.1.tgz"
          }
        }
      }
    },
    "meteor-node-stubs": {
      "version": "https://registry.npmjs.org/meteor-node-stubs/-/meteor-node-stubs-0.2.6.tgz",
      "integrity": "sha1-3UPJqLx3k9gK3HZtNCQQ2m3pCcU=",
      "requires": {
        "assert": "https://registry.npmjs.org/assert/-/assert-1.4.1.tgz",
        "browserify-zlib": "https://registry.npmjs.org/browserify-zlib/-/browserify-zlib-0.1.4.tgz",
        "buffer": "https://registry.npmjs.org/buffer/-/buffer-4.9.1.tgz",
        "console-browserify": "https://registry.npmjs.org/console-browserify/-/console-browserify-1.1.0.tgz",
        "constants-browserify": "https://registry.npmjs.org/constants-browserify/-/constants-browserify-1.0.0.tgz",
        "crypto-browserify": "https://registry.npmjs.org/crypto-browserify/-/crypto-browserify-3.11.0.tgz",
        "domain-browser": "https://registry.npmjs.org/domain-browser/-/domain-browser-1.1.7.tgz",
        "events": "https://registry.npmjs.org/events/-/events-1.1.1.tgz",
        "http-browserify": "https://registry.npmjs.org/http-browserify/-/http-browserify-1.7.0.tgz",
        "https-browserify": "https://registry.npmjs.org/https-browserify/-/https-browserify-0.0.1.tgz",
        "os-browserify": "https://registry.npmjs.org/os-browserify/-/os-browserify-0.2.1.tgz",
        "path-browserify": "https://registry.npmjs.org/path-browserify/-/path-browserify-0.0.0.tgz",
        "process": "https://registry.npmjs.org/process/-/process-0.11.9.tgz",
        "punycode": "https://registry.npmjs.org/punycode/-/punycode-1.4.1.tgz",
        "querystring-es3": "https://registry.npmjs.org/querystring-es3/-/querystring-es3-0.2.1.tgz",
        "readable-stream": "https://registry.npmjs.org/readable-stream/-/readable-stream-2.2.1.tgz",
        "stream-browserify": "https://registry.npmjs.org/stream-browserify/-/stream-browserify-2.0.1.tgz",
        "string_decoder": "https://registry.npmjs.org/string_decoder/-/string_decoder-0.10.31.tgz",
        "timers-browserify": "https://registry.npmjs.org/timers-browserify/-/timers-browserify-1.4.2.tgz",
        "tty-browserify": "https://registry.npmjs.org/tty-browserify/-/tty-browserify-0.0.0.tgz",
        "url": "https://registry.npmjs.org/url/-/url-0.11.0.tgz",
        "util": "https://registry.npmjs.org/util/-/util-0.10.3.tgz",
        "vm-browserify": "https://registry.npmjs.org/vm-browserify/-/vm-browserify-0.0.4.tgz"
      },
      "dependencies": {
        "Base64": {
          "version": "https://registry.npmjs.org/Base64/-/Base64-0.2.1.tgz",
          "integrity": "sha1-ujpCMHCOGGcFBl5mur3Uw1z2ACg="
        },
        "asn1.js": {
          "version": "https://registry.npmjs.org/asn1.js/-/asn1.js-4.9.0.tgz",
          "integrity": "sha1-9xoSQ/PnnUbXsH1/v0gk7nOvBUo=",
          "requires": {
            "bn.js": "https://registry.npmjs.org/bn.js/-/bn.js-4.11.6.tgz",
            "inherits": "https://registry.npmjs.org/inherits/-/inherits-2.0.1.tgz",
            "minimalistic-assert": "https://registry.npmjs.org/minimalistic-assert/-/minimalistic-assert-1.0.0.tgz"
          }
        },
        "assert": {
          "version": "https://registry.npmjs.org/assert/-/assert-1.4.1.tgz",
          "integrity": "sha1-mZEtWRg2tab1s0XA8H7vwI/GXZE=",
          "requires": {
            "util": "https://registry.npmjs.org/util/-/util-0.10.3.tgz"
          }
        },
        "base64-js": {
          "version": "https://registry.npmjs.org/base64-js/-/base64-js-1.2.0.tgz",
          "integrity": "sha1-o5mS1yNYSBGYK+XikLtqU9hnAPE="
        },
        "bn.js": {
          "version": "https://registry.npmjs.org/bn.js/-/bn.js-4.11.6.tgz",
          "integrity": "sha1-UzRK2xRhehP26N0s4okF0cC6MhU="
        },
        "brorand": {
          "version": "https://registry.npmjs.org/brorand/-/brorand-1.0.6.tgz",
          "integrity": "sha1-QChwa5FfkfezSaLgvzw3YDnSFuU="
        },
        "browserify-aes": {
          "version": "https://registry.npmjs.org/browserify-aes/-/browserify-aes-1.0.6.tgz",
          "integrity": "sha1-Xncl297x/Vkw1OurSFZ85FHEigo=",
          "requires": {
            "buffer-xor": "https://registry.npmjs.org/buffer-xor/-/buffer-xor-1.0.3.tgz",
            "cipher-base": "https://registry.npmjs.org/cipher-base/-/cipher-base-1.0.3.tgz",
            "create-hash": "https://registry.npmjs.org/create-hash/-/create-hash-1.1.2.tgz",
            "evp_bytestokey": "https://registry.npmjs.org/evp_bytestokey/-/evp_bytestokey-1.0.0.tgz",
            "inherits": "https://registry.npmjs.org/inherits/-/inherits-2.0.1.tgz"
          }
        },
        "browserify-cipher": {
          "version": "https://registry.npmjs.org/browserify-cipher/-/browserify-cipher-1.0.0.tgz",
          "integrity": "sha1-mYgkSHS/XtTijalWZtzWasj8Njo=",
          "requires": {
            "browserify-aes": "https://registry.npmjs.org/browserify-aes/-/browserify-aes-1.0.6.tgz",
            "browserify-des": "https://registry.npmjs.org/browserify-des/-/browserify-des-1.0.0.tgz",
            "evp_bytestokey": "https://registry.npmjs.org/evp_bytestokey/-/evp_bytestokey-1.0.0.tgz"
          }
        },
        "browserify-des": {
          "version": "https://registry.npmjs.org/browserify-des/-/browserify-des-1.0.0.tgz",
          "integrity": "sha1-2qJ3cXRwki7S/hhZQRihdUOXId0=",
          "requires": {
            "cipher-base": "https://registry.npmjs.org/cipher-base/-/cipher-base-1.0.3.tgz",
            "des.js": "https://registry.npmjs.org/des.js/-/des.js-1.0.0.tgz",
            "inherits": "https://registry.npmjs.org/inherits/-/inherits-2.0.1.tgz"
          }
        },
        "browserify-rsa": {
          "version": "https://registry.npmjs.org/browserify-rsa/-/browserify-rsa-4.0.1.tgz",
          "integrity": "sha1-IeCr+vbyApzy+vsTNWenAdQTVSQ=",
          "requires": {
            "bn.js": "https://registry.npmjs.org/bn.js/-/bn.js-4.11.6.tgz",
            "randombytes": "https://registry.npmjs.org/randombytes/-/randombytes-2.0.3.tgz"
          }
        },
        "browserify-sign": {
          "version": "https://registry.npmjs.org/browserify-sign/-/browserify-sign-4.0.0.tgz",
          "integrity": "sha1-EHc5EMPCBtVCCkaq2GlPgguFlo8=",
          "requires": {
            "bn.js": "https://registry.npmjs.org/bn.js/-/bn.js-4.11.6.tgz",
            "browserify-rsa": "https://registry.npmjs.org/browserify-rsa/-/browserify-rsa-4.0.1.tgz",
            "create-hash": "https://registry.npmjs.org/create-hash/-/create-hash-1.1.2.tgz",
            "create-hmac": "https://registry.npmjs.org/create-hmac/-/create-hmac-1.1.4.tgz",
            "elliptic": "https://registry.npmjs.org/elliptic/-/elliptic-6.3.2.tgz",
            "inherits": "https://registry.npmjs.org/inherits/-/inherits-2.0.1.tgz",
            "parse-asn1": "https://registry.npmjs.org/parse-asn1/-/parse-asn1-5.0.0.tgz"
          }
        },
        "browserify-zlib": {
          "version": "https://registry.npmjs.org/browserify-zlib/-/browserify-zlib-0.1.4.tgz",
          "integrity": "sha1-uzX4pRn2AOD6a4SFJByXnQFB+y0=",
          "requires": {
            "pako": "https://registry.npmjs.org/pako/-/pako-0.2.9.tgz"
          }
        },
        "buffer": {
          "version": "https://registry.npmjs.org/buffer/-/buffer-4.9.1.tgz",
          "integrity": "sha1-bRu2AbB6TvztlwlBMgkwJ8lbwpg=",
          "requires": {
            "base64-js": "https://registry.npmjs.org/base64-js/-/base64-js-1.2.0.tgz",
            "ieee754": "https://registry.npmjs.org/ieee754/-/ieee754-1.1.8.tgz",
            "isarray": "https://registry.npmjs.org/isarray/-/isarray-1.0.0.tgz"
          }
        },
        "buffer-shims": {
          "version": "https://registry.npmjs.org/buffer-shims/-/buffer-shims-1.0.0.tgz",
          "integrity": "sha1-mXjOMXOIxkmth5MCjDR37wRKi1E="
        },
        "buffer-xor": {
          "version": "https://registry.npmjs.org/buffer-xor/-/buffer-xor-1.0.3.tgz",
          "integrity": "sha1-JuYe0UIvtw3ULm42cp7VHYVf6Nk="
        },
        "cipher-base": {
          "version": "https://registry.npmjs.org/cipher-base/-/cipher-base-1.0.3.tgz",
          "integrity": "sha1-7qvxlEGc6QDaMBjCB9IS8qbfCgc=",
          "requires": {
            "inherits": "https://registry.npmjs.org/inherits/-/inherits-2.0.1.tgz"
          }
        },
        "console-browserify": {
          "version": "https://registry.npmjs.org/console-browserify/-/console-browserify-1.1.0.tgz",
          "integrity": "sha1-8CQcRXMKn8YyOyBtvzjtx0HQuxA=",
          "requires": {
            "date-now": "https://registry.npmjs.org/date-now/-/date-now-0.1.4.tgz"
          }
        },
        "constants-browserify": {
          "version": "https://registry.npmjs.org/constants-browserify/-/constants-browserify-1.0.0.tgz",
          "integrity": "sha1-wguW2MYXdIqvHBYCF2DNJ/y4y3U="
        },
        "core-util-is": {
          "version": "https://registry.npmjs.org/core-util-is/-/core-util-is-1.0.2.tgz",
          "integrity": "sha1-tf1UIgqivFq1eqtxQMlAdUUDwac="
        },
        "create-ecdh": {
          "version": "https://registry.npmjs.org/create-ecdh/-/create-ecdh-4.0.0.tgz",
          "integrity": "sha1-iIxyNZbN92EvZJgjPuvXo1MBc30=",
          "requires": {
            "bn.js": "https://registry.npmjs.org/bn.js/-/bn.js-4.11.6.tgz",
            "elliptic": "https://registry.npmjs.org/elliptic/-/elliptic-6.3.2.tgz"
          }
        },
        "create-hash": {
          "version": "https://registry.npmjs.org/create-hash/-/create-hash-1.1.2.tgz",
          "integrity": "sha1-USEAYte7dHn2xlu0GpIgix1hq60=",
          "requires": {
            "cipher-base": "https://registry.npmjs.org/cipher-base/-/cipher-base-1.0.3.tgz",
            "inherits": "https://registry.npmjs.org/inherits/-/inherits-2.0.1.tgz",
            "ripemd160": "https://registry.npmjs.org/ripemd160/-/ripemd160-1.0.1.tgz",
            "sha.js": "https://registry.npmjs.org/sha.js/-/sha.js-2.4.8.tgz"
          }
        },
        "create-hmac": {
          "version": "https://registry.npmjs.org/create-hmac/-/create-hmac-1.1.4.tgz",
          "integrity": "sha1-0/tLolPriz9W456i+8uK90e9MXA=",
          "requires": {
            "create-hash": "https://registry.npmjs.org/create-hash/-/create-hash-1.1.2.tgz",
            "inherits": "https://registry.npmjs.org/inherits/-/inherits-2.0.1.tgz"
          }
        },
        "crypto-browserify": {
          "version": "https://registry.npmjs.org/crypto-browserify/-/crypto-browserify-3.11.0.tgz",
          "integrity": "sha1-NlKgkGq5sqfgw85mpAjpV6JIVSI=",
          "requires": {
            "browserify-cipher": "https://registry.npmjs.org/browserify-cipher/-/browserify-cipher-1.0.0.tgz",
            "browserify-sign": "https://registry.npmjs.org/browserify-sign/-/browserify-sign-4.0.0.tgz",
            "create-ecdh": "https://registry.npmjs.org/create-ecdh/-/create-ecdh-4.0.0.tgz",
            "create-hash": "https://registry.npmjs.org/create-hash/-/create-hash-1.1.2.tgz",
            "create-hmac": "https://registry.npmjs.org/create-hmac/-/create-hmac-1.1.4.tgz",
            "diffie-hellman": "https://registry.npmjs.org/diffie-hellman/-/diffie-hellman-5.0.2.tgz",
            "inherits": "https://registry.npmjs.org/inherits/-/inherits-2.0.1.tgz",
            "pbkdf2": "https://registry.npmjs.org/pbkdf2/-/pbkdf2-3.0.9.tgz",
            "public-encrypt": "https://registry.npmjs.org/public-encrypt/-/public-encrypt-4.0.0.tgz",
            "randombytes": "https://registry.npmjs.org/randombytes/-/randombytes-2.0.3.tgz"
          }
        },
        "date-now": {
          "version": "https://registry.npmjs.org/date-now/-/date-now-0.1.4.tgz",
          "integrity": "sha1-6vQ5/U1ISK105cx9vvIAZyueNFs="
        },
        "des.js": {
          "version": "https://registry.npmjs.org/des.js/-/des.js-1.0.0.tgz",
          "integrity": "sha1-wHTS4qpqipoH29YfmhXCzYPsjsw=",
          "requires": {
            "inherits": "https://registry.npmjs.org/inherits/-/inherits-2.0.1.tgz",
            "minimalistic-assert": "https://registry.npmjs.org/minimalistic-assert/-/minimalistic-assert-1.0.0.tgz"
          }
        },
        "diffie-hellman": {
          "version": "https://registry.npmjs.org/diffie-hellman/-/diffie-hellman-5.0.2.tgz",
          "integrity": "sha1-tYNXOScM/ias9jIJn97SoH8gnl4=",
          "requires": {
            "bn.js": "https://registry.npmjs.org/bn.js/-/bn.js-4.11.6.tgz",
            "miller-rabin": "https://registry.npmjs.org/miller-rabin/-/miller-rabin-4.0.0.tgz",
            "randombytes": "https://registry.npmjs.org/randombytes/-/randombytes-2.0.3.tgz"
          }
        },
        "domain-browser": {
          "version": "https://registry.npmjs.org/domain-browser/-/domain-browser-1.1.7.tgz",
          "integrity": "sha1-hnqksJP6oF8d4IwG9NeyH9+GmLw="
        },
        "elliptic": {
          "version": "https://registry.npmjs.org/elliptic/-/elliptic-6.3.2.tgz",
          "integrity": "sha1-5MgeCCnPCmWrcOmYuCMnI7XBvEg=",
          "requires": {
            "bn.js": "https://registry.npmjs.org/bn.js/-/bn.js-4.11.6.tgz",
            "brorand": "https://registry.npmjs.org/brorand/-/brorand-1.0.6.tgz",
            "hash.js": "https://registry.npmjs.org/hash.js/-/hash.js-1.0.3.tgz",
            "inherits": "https://registry.npmjs.org/inherits/-/inherits-2.0.1.tgz"
          }
        },
        "events": {
          "version": "https://registry.npmjs.org/events/-/events-1.1.1.tgz",
          "integrity": "sha1-nr23Y1rQmccNzEwqH1AEKI6L2SQ="
        },
        "evp_bytestokey": {
          "version": "https://registry.npmjs.org/evp_bytestokey/-/evp_bytestokey-1.0.0.tgz",
          "integrity": "sha1-SXtmrZ/vZc18CKYYCCS6FHa2blM=",
          "requires": {
            "create-hash": "https://registry.npmjs.org/create-hash/-/create-hash-1.1.2.tgz"
          }
        },
        "hash.js": {
          "version": "https://registry.npmjs.org/hash.js/-/hash.js-1.0.3.tgz",
          "integrity": "sha1-EzL/ABVsCg/92CNgE9B7d6BFFXM=",
          "requires": {
            "inherits": "https://registry.npmjs.org/inherits/-/inherits-2.0.1.tgz"
          }
        },
        "http-browserify": {
          "version": "https://registry.npmjs.org/http-browserify/-/http-browserify-1.7.0.tgz",
          "integrity": "sha1-M3la3nLfiKz7/TZ3PO/tp2RzWyA=",
          "requires": {
            "Base64": "https://registry.npmjs.org/Base64/-/Base64-0.2.1.tgz",
            "inherits": "https://registry.npmjs.org/inherits/-/inherits-2.0.1.tgz"
          }
        },
        "https-browserify": {
          "version": "https://registry.npmjs.org/https-browserify/-/https-browserify-0.0.1.tgz",
          "integrity": "sha1-P5E2XKvmC3ftDruiS0VOPgnZWoI="
        },
        "ieee754": {
          "version": "https://registry.npmjs.org/ieee754/-/ieee754-1.1.8.tgz",
          "integrity": "sha1-vjPUCsEO8ZJnAfbwii2G+/0a0+Q="
        },
        "indexof": {
          "version": "https://registry.npmjs.org/indexof/-/indexof-0.0.1.tgz",
          "integrity": "sha1-gtwzbSMrkGIXnQWrMpOmYFn9Q10="
        },
        "inherits": {
          "version": "https://registry.npmjs.org/inherits/-/inherits-2.0.1.tgz",
          "integrity": "sha1-sX0I0ya0Qj5Wjv9xn5GwscvfafE="
        },
        "isarray": {
          "version": "https://registry.npmjs.org/isarray/-/isarray-1.0.0.tgz",
          "integrity": "sha1-u5NdSFgsuhaMBoNJV6VKPgcSTxE="
        },
        "miller-rabin": {
          "version": "https://registry.npmjs.org/miller-rabin/-/miller-rabin-4.0.0.tgz",
          "integrity": "sha1-SmL7HUKTPAVYOYL0xxb2+55sbT0=",
          "requires": {
            "bn.js": "https://registry.npmjs.org/bn.js/-/bn.js-4.11.6.tgz",
            "brorand": "https://registry.npmjs.org/brorand/-/brorand-1.0.6.tgz"
          }
        },
        "minimalistic-assert": {
          "version": "https://registry.npmjs.org/minimalistic-assert/-/minimalistic-assert-1.0.0.tgz",
          "integrity": "sha1-cCvi3aazf0g2vLP121ZkG2Sh09M="
        },
        "os-browserify": {
          "version": "https://registry.npmjs.org/os-browserify/-/os-browserify-0.2.1.tgz",
          "integrity": "sha1-Y/xMzuXS13Y9Jrv4YBB45sLgBE8="
        },
        "pako": {
          "version": "https://registry.npmjs.org/pako/-/pako-0.2.9.tgz",
          "integrity": "sha1-8/dSL073gjSNqBYbrZ7P1Rv4OnU="
        },
        "parse-asn1": {
          "version": "https://registry.npmjs.org/parse-asn1/-/parse-asn1-5.0.0.tgz",
          "integrity": "sha1-NQYPbVAV03Yox3D04JGgtaJ4vCM=",
          "requires": {
            "asn1.js": "https://registry.npmjs.org/asn1.js/-/asn1.js-4.9.0.tgz",
            "browserify-aes": "https://registry.npmjs.org/browserify-aes/-/browserify-aes-1.0.6.tgz",
            "create-hash": "https://registry.npmjs.org/create-hash/-/create-hash-1.1.2.tgz",
            "evp_bytestokey": "https://registry.npmjs.org/evp_bytestokey/-/evp_bytestokey-1.0.0.tgz",
            "pbkdf2": "https://registry.npmjs.org/pbkdf2/-/pbkdf2-3.0.9.tgz"
          }
        },
        "path-browserify": {
          "version": "https://registry.npmjs.org/path-browserify/-/path-browserify-0.0.0.tgz",
          "integrity": "sha1-oLhwcpquIUAFt9UDLsLLuw+0RRo="
        },
        "pbkdf2": {
          "version": "https://registry.npmjs.org/pbkdf2/-/pbkdf2-3.0.9.tgz",
          "integrity": "sha1-8sSyWmAAWLPDdzwIbDfbvuH/5pM=",
          "requires": {
            "create-hmac": "https://registry.npmjs.org/create-hmac/-/create-hmac-1.1.4.tgz"
          }
        },
        "process": {
          "version": "https://registry.npmjs.org/process/-/process-0.11.9.tgz",
          "integrity": "sha1-e9WtIapiU+fahoImTx4R0RwDGME="
        },
        "process-nextick-args": {
          "version": "https://registry.npmjs.org/process-nextick-args/-/process-nextick-args-1.0.7.tgz",
          "integrity": "sha1-FQ4gt1ZZCtP5EJPyWk8q2L/zC6M="
        },
        "public-encrypt": {
          "version": "https://registry.npmjs.org/public-encrypt/-/public-encrypt-4.0.0.tgz",
          "integrity": "sha1-OfaZ86RlYN1eusvKaTyvfGXBjMY=",
          "requires": {
            "bn.js": "https://registry.npmjs.org/bn.js/-/bn.js-4.11.6.tgz",
            "browserify-rsa": "https://registry.npmjs.org/browserify-rsa/-/browserify-rsa-4.0.1.tgz",
            "create-hash": "https://registry.npmjs.org/create-hash/-/create-hash-1.1.2.tgz",
            "parse-asn1": "https://registry.npmjs.org/parse-asn1/-/parse-asn1-5.0.0.tgz",
            "randombytes": "https://registry.npmjs.org/randombytes/-/randombytes-2.0.3.tgz"
          }
        },
        "punycode": {
          "version": "https://registry.npmjs.org/punycode/-/punycode-1.4.1.tgz",
          "integrity": "sha1-wNWmOycYgArY4esPpSachN1BhF4="
        },
        "querystring": {
          "version": "https://registry.npmjs.org/querystring/-/querystring-0.2.0.tgz",
          "integrity": "sha1-sgmEkgO7Jd+CDadW50cAWHhSFiA="
        },
        "querystring-es3": {
          "version": "https://registry.npmjs.org/querystring-es3/-/querystring-es3-0.2.1.tgz",
          "integrity": "sha1-nsYfeQSYdXB9aUFFlv2Qek1xHnM="
        },
        "randombytes": {
          "version": "https://registry.npmjs.org/randombytes/-/randombytes-2.0.3.tgz",
          "integrity": "sha1-Z0yZdgkBw8QRJ3GjHlIdw0nMCew="
        },
        "readable-stream": {
          "version": "https://registry.npmjs.org/readable-stream/-/readable-stream-2.2.1.tgz",
          "integrity": "sha1-xFmmaHrWGV+Ta5WYcHdu3vJ6dlU=",
          "requires": {
            "buffer-shims": "https://registry.npmjs.org/buffer-shims/-/buffer-shims-1.0.0.tgz",
            "core-util-is": "https://registry.npmjs.org/core-util-is/-/core-util-is-1.0.2.tgz",
            "inherits": "https://registry.npmjs.org/inherits/-/inherits-2.0.1.tgz",
            "isarray": "https://registry.npmjs.org/isarray/-/isarray-1.0.0.tgz",
            "process-nextick-args": "https://registry.npmjs.org/process-nextick-args/-/process-nextick-args-1.0.7.tgz",
            "string_decoder": "https://registry.npmjs.org/string_decoder/-/string_decoder-0.10.31.tgz",
            "util-deprecate": "https://registry.npmjs.org/util-deprecate/-/util-deprecate-1.0.2.tgz"
          }
        },
        "ripemd160": {
          "version": "https://registry.npmjs.org/ripemd160/-/ripemd160-1.0.1.tgz",
          "integrity": "sha1-k6S71JQrxXS2mo+lfHHeEOzKfW4="
        },
        "sha.js": {
          "version": "https://registry.npmjs.org/sha.js/-/sha.js-2.4.8.tgz",
          "integrity": "sha1-NwaMLEdra69ALRSknGf1l5IfY08=",
          "requires": {
            "inherits": "https://registry.npmjs.org/inherits/-/inherits-2.0.1.tgz"
          }
        },
        "stream-browserify": {
          "version": "https://registry.npmjs.org/stream-browserify/-/stream-browserify-2.0.1.tgz",
          "integrity": "sha1-ZiZu5fm9uZQKTkUUyvtDu3Hlyds=",
          "requires": {
            "inherits": "https://registry.npmjs.org/inherits/-/inherits-2.0.1.tgz",
            "readable-stream": "https://registry.npmjs.org/readable-stream/-/readable-stream-2.2.1.tgz"
          }
        },
        "string_decoder": {
          "version": "https://registry.npmjs.org/string_decoder/-/string_decoder-0.10.31.tgz",
          "integrity": "sha1-YuIDvEF2bGwoyfyEMB2rHFMQ+pQ="
        },
        "timers-browserify": {
          "version": "https://registry.npmjs.org/timers-browserify/-/timers-browserify-1.4.2.tgz",
          "integrity": "sha1-ycWLV1voQHN1y14kYtrO50NZ9B0=",
          "requires": {
            "process": "https://registry.npmjs.org/process/-/process-0.11.9.tgz"
          }
        },
        "tty-browserify": {
          "version": "https://registry.npmjs.org/tty-browserify/-/tty-browserify-0.0.0.tgz",
          "integrity": "sha1-oVe6QC2iTpv5V/mqadUk7tQpAaY="
        },
        "url": {
          "version": "https://registry.npmjs.org/url/-/url-0.11.0.tgz",
          "integrity": "sha1-ODjpfPxgUh63PFJajlW/3Z4uKPE=",
          "requires": {
            "punycode": "https://registry.npmjs.org/punycode/-/punycode-1.3.2.tgz",
            "querystring": "https://registry.npmjs.org/querystring/-/querystring-0.2.0.tgz"
          },
          "dependencies": {
            "punycode": {
              "version": "https://registry.npmjs.org/punycode/-/punycode-1.3.2.tgz",
              "integrity": "sha1-llOgNvt8HuQjQvIyXM7v6jkmxI0="
            }
          }
        },
        "util": {
          "version": "https://registry.npmjs.org/util/-/util-0.10.3.tgz",
          "integrity": "sha1-evsa/lCAUkZInj23/g7TeTNqwPk=",
          "requires": {
            "inherits": "https://registry.npmjs.org/inherits/-/inherits-2.0.1.tgz"
          }
        },
        "util-deprecate": {
          "version": "https://registry.npmjs.org/util-deprecate/-/util-deprecate-1.0.2.tgz",
          "integrity": "sha1-RQ1Nyfpw3nMnYvvS1KKJgUGaDM8="
        },
        "vm-browserify": {
          "version": "https://registry.npmjs.org/vm-browserify/-/vm-browserify-0.0.4.tgz",
          "integrity": "sha1-XX6kW7755Kb/ZflUOOCofDV9WnM=",
          "requires": {
            "indexof": "https://registry.npmjs.org/indexof/-/indexof-0.0.1.tgz"
          }
        }
      }
    },
    "mime": {
      "version": "https://registry.npmjs.org/mime/-/mime-1.2.11.tgz",
      "integrity": "sha1-WCA+7Ybjpe8XrtK32evUfwpg3RA="
    },
    "minimist": {
      "version": "https://registry.npmjs.org/minimist/-/minimist-0.0.8.tgz",
      "integrity": "sha1-hX/Kv8M5fSYluCKCYuhqp6ARsF0="
    },
    "mkdirp": {
      "version": "https://registry.npmjs.org/mkdirp/-/mkdirp-0.5.1.tgz",
      "integrity": "sha1-MAV0OOrGz3+MR2fzhkjWaX11yQM=",
      "requires": {
        "minimist": "https://registry.npmjs.org/minimist/-/minimist-0.0.8.tgz"
      }
    },
    "moment": {
      "version": "https://registry.npmjs.org/moment/-/moment-2.18.1.tgz",
      "integrity": "sha1-w2GT3Tzhwu7SrbfIAtu8d6gbHA8="
    },
    "natives": {
      "version": "https://registry.npmjs.org/natives/-/natives-1.1.0.tgz",
      "integrity": "sha1-6f+EFBimsux6SV6TmYT3jxY+bjE="
    },
    "node-fetch": {
      "version": "https://registry.npmjs.org/node-fetch/-/node-fetch-1.6.3.tgz",
      "integrity": "sha1-3CNO3WSJmC1Y6PDbT2lQKavNjAQ=",
      "requires": {
        "encoding": "https://registry.npmjs.org/encoding/-/encoding-0.1.12.tgz",
        "is-stream": "https://registry.npmjs.org/is-stream/-/is-stream-1.1.0.tgz"
      }
    },
    "normalize-range": {
      "version": "https://registry.npmjs.org/normalize-range/-/normalize-range-0.1.2.tgz",
      "integrity": "sha1-LRDAa9/TEuqXd2laTShDlFa3WUI=",
      "dev": true
    },
    "num2fraction": {
      "version": "https://registry.npmjs.org/num2fraction/-/num2fraction-1.2.2.tgz",
      "integrity": "sha1-b2gragJ6Tp3fpFZM0lidHU5mnt4=",
      "dev": true
    },
    "object-assign": {
      "version": "https://registry.npmjs.org/object-assign/-/object-assign-4.1.1.tgz",
      "integrity": "sha1-IQmtx5ZYh8/AXLvUQsrIv7s2CGM="
    },
    "pend": {
      "version": "https://registry.npmjs.org/pend/-/pend-1.2.0.tgz",
      "integrity": "sha1-elfrVQpng/kRUzH89GY9XI4AelA="
    },
    "postcss": {
      "version": "https://registry.npmjs.org/postcss/-/postcss-5.2.16.tgz",
      "integrity": "sha1-cysxAAAPn/g3mkilODntCXN2rVc=",
      "dev": true,
      "requires": {
        "chalk": "https://registry.npmjs.org/chalk/-/chalk-1.1.3.tgz",
        "js-base64": "https://registry.npmjs.org/js-base64/-/js-base64-2.1.9.tgz",
        "source-map": "https://registry.npmjs.org/source-map/-/source-map-0.5.6.tgz",
        "supports-color": "https://registry.npmjs.org/supports-color/-/supports-color-3.2.3.tgz"
      }
    },
    "postcss-value-parser": {
      "version": "https://registry.npmjs.org/postcss-value-parser/-/postcss-value-parser-3.3.0.tgz",
      "integrity": "sha1-h/OPnxj3dKSrTIojL1xc6IcqnRU=",
      "dev": true
    },
    "promise": {
      "version": "https://registry.npmjs.org/promise/-/promise-7.1.1.tgz",
      "integrity": "sha1-SJZUxpJha4qlWwck+oCbt9tJxb8=",
      "requires": {
        "asap": "https://registry.npmjs.org/asap/-/asap-2.0.5.tgz"
      }
    },
    "prop-types": {
      "version": "https://registry.npmjs.org/prop-types/-/prop-types-15.5.6.tgz",
      "integrity": "sha1-eXqRWxcUtkXrt8XWzGkDRiBb0qo=",
      "requires": {
        "fbjs": "https://registry.npmjs.org/fbjs/-/fbjs-0.8.12.tgz"
      }
    },
    "react": {
      "version": "https://registry.npmjs.org/react/-/react-15.5.3.tgz",
      "integrity": "sha1-hAVTgsAl3sTjuQK7YahpfMecElg=",
      "requires": {
        "fbjs": "https://registry.npmjs.org/fbjs/-/fbjs-0.8.12.tgz",
        "loose-envify": "https://registry.npmjs.org/loose-envify/-/loose-envify-1.3.1.tgz",
        "object-assign": "https://registry.npmjs.org/object-assign/-/object-assign-4.1.1.tgz",
        "prop-types": "https://registry.npmjs.org/prop-types/-/prop-types-15.5.6.tgz"
      }
    },
    "react-addons-pure-render-mixin": {
      "version": "https://registry.npmjs.org/react-addons-pure-render-mixin/-/react-addons-pure-render-mixin-15.5.2.tgz",
      "integrity": "sha1-67hGrrL9dxM2wjKCKSMQj4fVv/I=",
      "requires": {
        "fbjs": "https://registry.npmjs.org/fbjs/-/fbjs-0.8.12.tgz",
        "object-assign": "https://registry.npmjs.org/object-assign/-/object-assign-4.1.1.tgz"
      }
    },
    "react-dom": {
      "version": "https://registry.npmjs.org/react-dom/-/react-dom-15.5.3.tgz",
      "integrity": "sha1-LuEnzpQt9V2lMRGuMDMW5oBytcU=",
      "requires": {
        "fbjs": "https://registry.npmjs.org/fbjs/-/fbjs-0.8.12.tgz",
        "loose-envify": "https://registry.npmjs.org/loose-envify/-/loose-envify-1.3.1.tgz",
        "object-assign": "https://registry.npmjs.org/object-assign/-/object-assign-4.1.1.tgz",
        "prop-types": "https://registry.npmjs.org/prop-types/-/prop-types-15.5.6.tgz"
      }
    },
    "react-event-listener": {
      "version": "0.4.5",
      "resolved": "https://registry.npmjs.org/react-event-listener/-/react-event-listener-0.4.5.tgz",
      "integrity": "sha1-4+iVoJcM8U7o+JAROvaBl6vz0LE=",
      "requires": {
        "babel-runtime": "https://registry.npmjs.org/babel-runtime/-/babel-runtime-6.23.0.tgz",
        "fbjs": "https://registry.npmjs.org/fbjs/-/fbjs-0.8.12.tgz",
        "prop-types": "https://registry.npmjs.org/prop-types/-/prop-types-15.5.6.tgz",
        "warning": "3.0.0"
      }
    },
    "react-mounter": {
      "version": "https://registry.npmjs.org/react-mounter/-/react-mounter-1.2.0.tgz",
      "integrity": "sha1-Yjo6Ad/XePpxPr013YX9MeVcFCQ=",
      "requires": {
        "babel-runtime": "https://registry.npmjs.org/babel-runtime/-/babel-runtime-6.23.0.tgz",
        "domready": "https://registry.npmjs.org/domready/-/domready-1.0.8.tgz"
      }
    },
    "react-tap-event-plugin": {
      "version": "https://registry.npmjs.org/react-tap-event-plugin/-/react-tap-event-plugin-2.0.1.tgz",
      "integrity": "sha1-MWvrO8ZVbinshppyk+icgmqQdNI=",
      "requires": {
        "fbjs": "https://registry.npmjs.org/fbjs/-/fbjs-0.8.12.tgz"
      }
    },
    "react-transition-group": {
      "version": "1.2.1",
      "resolved": "https://registry.npmjs.org/react-transition-group/-/react-transition-group-1.2.1.tgz",
      "integrity": "sha512-CWaL3laCmgAFdxdKbhhps+c0HRGF4c+hdM4H23+FI1QBNUyx/AMeIJGWorehPNSaKnQNOAxL7PQmqMu78CDj3Q==",
      "requires": {
        "chain-function": "1.0.0",
        "dom-helpers": "3.2.1",
        "loose-envify": "https://registry.npmjs.org/loose-envify/-/loose-envify-1.3.1.tgz",
        "prop-types": "https://registry.npmjs.org/prop-types/-/prop-types-15.5.6.tgz",
        "warning": "3.0.0"
      }
    },
    "recompose": {
      "version": "0.24.0",
      "resolved": "https://registry.npmjs.org/recompose/-/recompose-0.24.0.tgz",
      "integrity": "sha512-7+UVym5Mfks/ukIDfcAiasrY61YGki8uIs4CmLTGU7UV2lm2ObbhOl913WrlsZKu8x8uA/sLJUOI5hxVga0dIA==",
      "requires": {
        "change-emitter": "0.1.6",
        "fbjs": "https://registry.npmjs.org/fbjs/-/fbjs-0.8.12.tgz",
        "hoist-non-react-statics": "1.2.0",
        "symbol-observable": "1.0.4"
      }
    },
    "regenerator-runtime": {
      "version": "https://registry.npmjs.org/regenerator-runtime/-/regenerator-runtime-0.10.3.tgz",
      "integrity": "sha1-jENnqQS1HqYqkIrDEL+Z/5CoKj4="
    },
    "rimraf": {
      "version": "https://registry.npmjs.org/rimraf/-/rimraf-2.2.8.tgz",
      "integrity": "sha1-5Dm+Kq7jJzIZUnMPmaiSnk/FBYI="
    },
    "s3": {
      "version": "https://registry.npmjs.org/s3/-/s3-4.4.0.tgz",
      "integrity": "sha1-VqT3dVFae2ucjlxrGrUfkDdmnx8=",
      "requires": {
        "aws-sdk": "https://registry.npmjs.org/aws-sdk/-/aws-sdk-2.0.31.tgz",
        "fd-slicer": "https://registry.npmjs.org/fd-slicer/-/fd-slicer-1.0.1.tgz",
        "findit2": "https://registry.npmjs.org/findit2/-/findit2-2.2.3.tgz",
        "graceful-fs": "https://registry.npmjs.org/graceful-fs/-/graceful-fs-3.0.11.tgz",
        "mime": "https://registry.npmjs.org/mime/-/mime-1.2.11.tgz",
        "mkdirp": "https://registry.npmjs.org/mkdirp/-/mkdirp-0.5.1.tgz",
        "pend": "https://registry.npmjs.org/pend/-/pend-1.2.0.tgz",
        "rimraf": "https://registry.npmjs.org/rimraf/-/rimraf-2.2.8.tgz",
        "streamsink": "https://registry.npmjs.org/streamsink/-/streamsink-1.2.0.tgz"
      }
    },
    "sax": {
      "version": "https://registry.npmjs.org/sax/-/sax-0.4.2.tgz",
      "integrity": "sha1-OfO2AXM9a+yXEFskKipA/Wl4rDw="
    },
    "setimmediate": {
      "version": "https://registry.npmjs.org/setimmediate/-/setimmediate-1.0.5.tgz",
      "integrity": "sha1-KQy7Iy4waULX1+qbg3Mqt4VvgoU="
    },
    "simple-assign": {
      "version": "0.1.0",
      "resolved": "https://registry.npmjs.org/simple-assign/-/simple-assign-0.1.0.tgz",
      "integrity": "sha1-F/0wZqXz13OPUDIbsPFMooHMS6o="
    },
    "source-map": {
      "version": "https://registry.npmjs.org/source-map/-/source-map-0.5.6.tgz",
      "integrity": "sha1-dc449SvwczxafwwRjYEzSiu19BI=",
      "dev": true
    },
    "streamsink": {
      "version": "https://registry.npmjs.org/streamsink/-/streamsink-1.2.0.tgz",
      "integrity": "sha1-76/unx4i01ke1949yqlcP1559zw="
    },
    "strip-ansi": {
      "version": "https://registry.npmjs.org/strip-ansi/-/strip-ansi-3.0.1.tgz",
      "integrity": "sha1-ajhfuIU9lS1f8F0Oiq+UJ43GPc8=",
      "dev": true,
      "requires": {
        "ansi-regex": "https://registry.npmjs.org/ansi-regex/-/ansi-regex-2.1.1.tgz"
      }
    },
    "sudoku": {
      "version": "0.0.2",
      "resolved": "https://registry.npmjs.org/sudoku/-/sudoku-0.0.2.tgz",
      "integrity": "sha1-scgpJ/+rwCQ+x2whKCTD8fPmkDQ=",
      "requires": {
        "underscore": "1.1.6"
      }
    },
    "supports-color": {
      "version": "https://registry.npmjs.org/supports-color/-/supports-color-3.2.3.tgz",
      "integrity": "sha1-ZawFBLOVQXHYpklGsq48u4pfVPY=",
      "dev": true,
      "requires": {
        "has-flag": "https://registry.npmjs.org/has-flag/-/has-flag-1.0.0.tgz"
      }
    },
    "symbol-observable": {
      "version": "1.0.4",
      "resolved": "https://registry.npmjs.org/symbol-observable/-/symbol-observable-1.0.4.tgz",
      "integrity": "sha1-Kb9hXUqnEhvdiYsi1LP5vE4qoD0="
    },
    "ua-parser-js": {
      "version": "https://registry.npmjs.org/ua-parser-js/-/ua-parser-js-0.7.12.tgz",
      "integrity": "sha1-BMgamb3V3FImPqKdJMa/jUgYpLs="
    },
    "underscore": {
      "version": "1.1.6",
      "resolved": "https://registry.npmjs.org/underscore/-/underscore-1.1.6.tgz",
      "integrity": "sha1-aGjaG91y11KFvgtOUPIo5w0AGiw="
    },
    "warning": {
      "version": "3.0.0",
      "resolved": "https://registry.npmjs.org/warning/-/warning-3.0.0.tgz",
      "integrity": "sha1-MuU3fLVy3kqwR1O9+IIcAe1gW3w=",
      "requires": {
        "loose-envify": "https://registry.npmjs.org/loose-envify/-/loose-envify-1.3.1.tgz"
      }
    },
    "whatwg-fetch": {
      "version": "https://registry.npmjs.org/whatwg-fetch/-/whatwg-fetch-2.0.3.tgz",
      "integrity": "sha1-nITsLc9oGH/wC8ZOEnS0QhduHIQ="
    },
    "xml2js": {
      "version": "https://registry.npmjs.org/xml2js/-/xml2js-0.2.6.tgz",
      "integrity": "sha1-0gnE5N2h/JxFIUHvQcB39a399sQ=",
      "requires": {
        "sax": "https://registry.npmjs.org/sax/-/sax-0.4.2.tgz"
      }
    },
    "xmlbuilder": {
      "version": "https://registry.npmjs.org/xmlbuilder/-/xmlbuilder-0.4.2.tgz",
      "integrity": "sha1-F3bWXz/brUcKCNhgTN6xxOVA/4M="
    }
  }
}
